
Microsoft Visual Studio Solution File, Format Version 12.00
# Visual Studio 15
VisualStudioVersion = 15.0.28307.136
MinimumVisualStudioVersion = 10.0.40219.1
Project("{FAE04EC0-301F-11D3-BF4B-00C04F79EFBC}") = "CrossWord.Android", "CrossWord\CrossWord.Android\CrossWord.Android.csproj", "{00F9FDD9-98D0-42A0-9A95-778B870777BA}"
EndProject
Project("{FAE04EC0-301F-11D3-BF4B-00C04F79EFBC}") = "CrossWord.iOS", "CrossWord\CrossWord.iOS\CrossWord.iOS.csproj", "{EAD7CE8A-B64C-4DCC-882C-AC2E386BCAFD}"
EndProject
Project("{FAE04EC0-301F-11D3-BF4B-00C04F79EFBC}") = "CrossWord.UWP", "CrossWord\CrossWord.UWP\CrossWord.UWP.csproj", "{496D1DDF-82D8-469F-80BF-8D55D30F73FF}"
EndProject
Project("{FAE04EC0-301F-11D3-BF4B-00C04F79EFBC}") = "CrossWord", "CrossWord\CrossWord\CrossWord.csproj", "{AA89143E-3BD2-4757-8056-A0330EFA2717}"
EndProject
Global
	GlobalSection(SolutionConfigurationPlatforms) = preSolution
		Ad-Hoc|Any CPU = Ad-Hoc|Any CPU
		Ad-Hoc|ARM = Ad-Hoc|ARM
		Ad-Hoc|iPhone = Ad-Hoc|iPhone
		Ad-Hoc|iPhoneSimulator = Ad-Hoc|iPhoneSimulator
		Ad-Hoc|x64 = Ad-Hoc|x64
		Ad-Hoc|x86 = Ad-Hoc|x86
		AppStore|Any CPU = AppStore|Any CPU
		AppStore|ARM = AppStore|ARM
		AppStore|iPhone = AppStore|iPhone
		AppStore|iPhoneSimulator = AppStore|iPhoneSimulator
		AppStore|x64 = AppStore|x64
		AppStore|x86 = AppStore|x86
		Debug|Any CPU = Debug|Any CPU
		Debug|ARM = Debug|ARM
		Debug|iPhone = Debug|iPhone
		Debug|iPhoneSimulator = Debug|iPhoneSimulator
		Debug|x64 = Debug|x64
		Debug|x86 = Debug|x86
		Release|Any CPU = Release|Any CPU
		Release|ARM = Release|ARM
		Release|iPhone = Release|iPhone
		Release|iPhoneSimulator = Release|iPhoneSimulator
		Release|x64 = Release|x64
		Release|x86 = Release|x86
	EndGlobalSection
	GlobalSection(ProjectConfigurationPlatforms) = postSolution
		{00F9FDD9-98D0-42A0-9A95-778B870777BA}.Ad-Hoc|Any CPU.ActiveCfg = Release|Any CPU
		{00F9FDD9-98D0-42A0-9A95-778B870777BA}.Ad-Hoc|Any CPU.Build.0 = Release|Any CPU
		{00F9FDD9-98D0-42A0-9A95-778B870777BA}.Ad-Hoc|Any CPU.Deploy.0 = Release|Any CPU
		{00F9FDD9-98D0-42A0-9A95-778B870777BA}.Ad-Hoc|ARM.ActiveCfg = Release|Any CPU
		{00F9FDD9-98D0-42A0-9A95-778B870777BA}.Ad-Hoc|ARM.Build.0 = Release|Any CPU
		{00F9FDD9-98D0-42A0-9A95-778B870777BA}.Ad-Hoc|ARM.Deploy.0 = Release|Any CPU
		{00F9FDD9-98D0-42A0-9A95-778B870777BA}.Ad-Hoc|iPhone.ActiveCfg = Release|Any CPU
		{00F9FDD9-98D0-42A0-9A95-778B870777BA}.Ad-Hoc|iPhone.Build.0 = Release|Any CPU
		{00F9FDD9-98D0-42A0-9A95-778B870777BA}.Ad-Hoc|iPhone.Deploy.0 = Release|Any CPU
		{00F9FDD9-98D0-42A0-9A95-778B870777BA}.Ad-Hoc|iPhoneSimulator.ActiveCfg = Release|Any CPU
		{00F9FDD9-98D0-42A0-9A95-778B870777BA}.Ad-Hoc|iPhoneSimulator.Build.0 = Release|Any CPU
		{00F9FDD9-98D0-42A0-9A95-778B870777BA}.Ad-Hoc|iPhoneSimulator.Deploy.0 = Release|Any CPU
		{00F9FDD9-98D0-42A0-9A95-778B870777BA}.Ad-Hoc|x64.ActiveCfg = Release|Any CPU
		{00F9FDD9-98D0-42A0-9A95-778B870777BA}.Ad-Hoc|x64.Build.0 = Release|Any CPU
		{00F9FDD9-98D0-42A0-9A95-778B870777BA}.Ad-Hoc|x64.Deploy.0 = Release|Any CPU
		{00F9FDD9-98D0-42A0-9A95-778B870777BA}.Ad-Hoc|x86.ActiveCfg = Release|Any CPU
		{00F9FDD9-98D0-42A0-9A95-778B870777BA}.Ad-Hoc|x86.Build.0 = Release|Any CPU
		{00F9FDD9-98D0-42A0-9A95-778B870777BA}.Ad-Hoc|x86.Deploy.0 = Release|Any CPU
		{00F9FDD9-98D0-42A0-9A95-778B870777BA}.AppStore|Any CPU.ActiveCfg = Release|Any CPU
		{00F9FDD9-98D0-42A0-9A95-778B870777BA}.AppStore|Any CPU.Build.0 = Release|Any CPU
		{00F9FDD9-98D0-42A0-9A95-778B870777BA}.AppStore|Any CPU.Deploy.0 = Release|Any CPU
		{00F9FDD9-98D0-42A0-9A95-778B870777BA}.AppStore|ARM.ActiveCfg = Release|Any CPU
		{00F9FDD9-98D0-42A0-9A95-778B870777BA}.AppStore|ARM.Build.0 = Release|Any CPU
		{00F9FDD9-98D0-42A0-9A95-778B870777BA}.AppStore|ARM.Deploy.0 = Release|Any CPU
		{00F9FDD9-98D0-42A0-9A95-778B870777BA}.AppStore|iPhone.ActiveCfg = Release|Any CPU
		{00F9FDD9-98D0-42A0-9A95-778B870777BA}.AppStore|iPhone.Build.0 = Release|Any CPU
		{00F9FDD9-98D0-42A0-9A95-778B870777BA}.AppStore|iPhone.Deploy.0 = Release|Any CPU
		{00F9FDD9-98D0-42A0-9A95-778B870777BA}.AppStore|iPhoneSimulator.ActiveCfg = Release|Any CPU
		{00F9FDD9-98D0-42A0-9A95-778B870777BA}.AppStore|iPhoneSimulator.Build.0 = Release|Any CPU
		{00F9FDD9-98D0-42A0-9A95-778B870777BA}.AppStore|iPhoneSimulator.Deploy.0 = Release|Any CPU
		{00F9FDD9-98D0-42A0-9A95-778B870777BA}.AppStore|x64.ActiveCfg = Release|Any CPU
		{00F9FDD9-98D0-42A0-9A95-778B870777BA}.AppStore|x64.Build.0 = Release|Any CPU
		{00F9FDD9-98D0-42A0-9A95-778B870777BA}.AppStore|x64.Deploy.0 = Release|Any CPU
		{00F9FDD9-98D0-42A0-9A95-778B870777BA}.AppStore|x86.ActiveCfg = Release|Any CPU
		{00F9FDD9-98D0-42A0-9A95-778B870777BA}.AppStore|x86.Build.0 = Release|Any CPU
		{00F9FDD9-98D0-42A0-9A95-778B870777BA}.AppStore|x86.Deploy.0 = Release|Any CPU
		{00F9FDD9-98D0-42A0-9A95-778B870777BA}.Debug|Any CPU.ActiveCfg = Debug|Any CPU
		{00F9FDD9-98D0-42A0-9A95-778B870777BA}.Debug|Any CPU.Build.0 = Debug|Any CPU
		{00F9FDD9-98D0-42A0-9A95-778B870777BA}.Debug|Any CPU.Deploy.0 = Debug|Any CPU
		{00F9FDD9-98D0-42A0-9A95-778B870777BA}.Debug|ARM.ActiveCfg = Debug|Any CPU
		{00F9FDD9-98D0-42A0-9A95-778B870777BA}.Debug|ARM.Build.0 = Debug|Any CPU
		{00F9FDD9-98D0-42A0-9A95-778B870777BA}.Debug|ARM.Deploy.0 = Debug|Any CPU
		{00F9FDD9-98D0-42A0-9A95-778B870777BA}.Debug|iPhone.ActiveCfg = Debug|Any CPU
		{00F9FDD9-98D0-42A0-9A95-778B870777BA}.Debug|iPhone.Build.0 = Debug|Any CPU
		{00F9FDD9-98D0-42A0-9A95-778B870777BA}.Debug|iPhone.Deploy.0 = Debug|Any CPU
		{00F9FDD9-98D0-42A0-9A95-778B870777BA}.Debug|iPhoneSimulator.ActiveCfg = Debug|Any CPU
		{00F9FDD9-98D0-42A0-9A95-778B870777BA}.Debug|iPhoneSimulator.Build.0 = Debug|Any CPU
		{00F9FDD9-98D0-42A0-9A95-778B870777BA}.Debug|iPhoneSimulator.Deploy.0 = Debug|Any CPU
		{00F9FDD9-98D0-42A0-9A95-778B870777BA}.Debug|x64.ActiveCfg = Debug|Any CPU
		{00F9FDD9-98D0-42A0-9A95-778B870777BA}.Debug|x64.Build.0 = Debug|Any CPU
		{00F9FDD9-98D0-42A0-9A95-778B870777BA}.Debug|x64.Deploy.0 = Debug|Any CPU
		{00F9FDD9-98D0-42A0-9A95-778B870777BA}.Debug|x86.ActiveCfg = Debug|Any CPU
		{00F9FDD9-98D0-42A0-9A95-778B870777BA}.Debug|x86.Build.0 = Debug|Any CPU
		{00F9FDD9-98D0-42A0-9A95-778B870777BA}.Debug|x86.Deploy.0 = Debug|Any CPU
		{00F9FDD9-98D0-42A0-9A95-778B870777BA}.Release|Any CPU.ActiveCfg = Release|Any CPU
		{00F9FDD9-98D0-42A0-9A95-778B870777BA}.Release|Any CPU.Build.0 = Release|Any CPU
		{00F9FDD9-98D0-42A0-9A95-778B870777BA}.Release|Any CPU.Deploy.0 = Release|Any CPU
		{00F9FDD9-98D0-42A0-9A95-778B870777BA}.Release|ARM.ActiveCfg = Release|Any CPU
		{00F9FDD9-98D0-42A0-9A95-778B870777BA}.Release|ARM.Build.0 = Release|Any CPU
		{00F9FDD9-98D0-42A0-9A95-778B870777BA}.Release|ARM.Deploy.0 = Release|Any CPU
		{00F9FDD9-98D0-42A0-9A95-778B870777BA}.Release|iPhone.ActiveCfg = Release|Any CPU
		{00F9FDD9-98D0-42A0-9A95-778B870777BA}.Release|iPhone.Build.0 = Release|Any CPU
		{00F9FDD9-98D0-42A0-9A95-778B870777BA}.Release|iPhone.Deploy.0 = Release|Any CPU
		{00F9FDD9-98D0-42A0-9A95-778B870777BA}.Release|iPhoneSimulator.ActiveCfg = Release|Any CPU
		{00F9FDD9-98D0-42A0-9A95-778B870777BA}.Release|iPhoneSimulator.Build.0 = Release|Any CPU
		{00F9FDD9-98D0-42A0-9A95-778B870777BA}.Release|iPhoneSimulator.Deploy.0 = Release|Any CPU
		{00F9FDD9-98D0-42A0-9A95-778B870777BA}.Release|x64.ActiveCfg = Release|Any CPU
		{00F9FDD9-98D0-42A0-9A95-778B870777BA}.Release|x64.Build.0 = Release|Any CPU
		{00F9FDD9-98D0-42A0-9A95-778B870777BA}.Release|x64.Deploy.0 = Release|Any CPU
		{00F9FDD9-98D0-42A0-9A95-778B870777BA}.Release|x86.ActiveCfg = Release|Any CPU
		{00F9FDD9-98D0-42A0-9A95-778B870777BA}.Release|x86.Build.0 = Release|Any CPU
		{00F9FDD9-98D0-42A0-9A95-778B870777BA}.Release|x86.Deploy.0 = Release|Any CPU
		{EAD7CE8A-B64C-4DCC-882C-AC2E386BCAFD}.Ad-Hoc|Any CPU.ActiveCfg = Ad-Hoc|iPhone
		{EAD7CE8A-B64C-4DCC-882C-AC2E386BCAFD}.Ad-Hoc|Any CPU.Build.0 = Ad-Hoc|iPhone
		{EAD7CE8A-B64C-4DCC-882C-AC2E386BCAFD}.Ad-Hoc|Any CPU.Deploy.0 = Ad-Hoc|iPhone
		{EAD7CE8A-B64C-4DCC-882C-AC2E386BCAFD}.Ad-Hoc|ARM.ActiveCfg = Ad-Hoc|iPhone
		{EAD7CE8A-B64C-4DCC-882C-AC2E386BCAFD}.Ad-Hoc|ARM.Build.0 = Ad-Hoc|iPhone
		{EAD7CE8A-B64C-4DCC-882C-AC2E386BCAFD}.Ad-Hoc|ARM.Deploy.0 = Ad-Hoc|iPhone
		{EAD7CE8A-B64C-4DCC-882C-AC2E386BCAFD}.Ad-Hoc|iPhone.ActiveCfg = Ad-Hoc|iPhone
		{EAD7CE8A-B64C-4DCC-882C-AC2E386BCAFD}.Ad-Hoc|iPhone.Build.0 = Ad-Hoc|iPhone
		{EAD7CE8A-B64C-4DCC-882C-AC2E386BCAFD}.Ad-Hoc|iPhone.Deploy.0 = Ad-Hoc|iPhone
		{EAD7CE8A-B64C-4DCC-882C-AC2E386BCAFD}.Ad-Hoc|iPhoneSimulator.ActiveCfg = Ad-Hoc|iPhoneSimulator
		{EAD7CE8A-B64C-4DCC-882C-AC2E386BCAFD}.Ad-Hoc|iPhoneSimulator.Build.0 = Ad-Hoc|iPhoneSimulator
		{EAD7CE8A-B64C-4DCC-882C-AC2E386BCAFD}.Ad-Hoc|iPhoneSimulator.Deploy.0 = Ad-Hoc|iPhoneSimulator
		{EAD7CE8A-B64C-4DCC-882C-AC2E386BCAFD}.Ad-Hoc|x64.ActiveCfg = Ad-Hoc|iPhone
		{EAD7CE8A-B64C-4DCC-882C-AC2E386BCAFD}.Ad-Hoc|x64.Build.0 = Ad-Hoc|iPhone
		{EAD7CE8A-B64C-4DCC-882C-AC2E386BCAFD}.Ad-Hoc|x64.Deploy.0 = Ad-Hoc|iPhone
		{EAD7CE8A-B64C-4DCC-882C-AC2E386BCAFD}.Ad-Hoc|x86.ActiveCfg = Ad-Hoc|iPhone
		{EAD7CE8A-B64C-4DCC-882C-AC2E386BCAFD}.Ad-Hoc|x86.Build.0 = Ad-Hoc|iPhone
		{EAD7CE8A-B64C-4DCC-882C-AC2E386BCAFD}.Ad-Hoc|x86.Deploy.0 = Ad-Hoc|iPhone
		{EAD7CE8A-B64C-4DCC-882C-AC2E386BCAFD}.AppStore|Any CPU.ActiveCfg = AppStore|iPhone
		{EAD7CE8A-B64C-4DCC-882C-AC2E386BCAFD}.AppStore|Any CPU.Build.0 = AppStore|iPhone
		{EAD7CE8A-B64C-4DCC-882C-AC2E386BCAFD}.AppStore|Any CPU.Deploy.0 = AppStore|iPhone
		{EAD7CE8A-B64C-4DCC-882C-AC2E386BCAFD}.AppStore|ARM.ActiveCfg = AppStore|iPhone
		{EAD7CE8A-B64C-4DCC-882C-AC2E386BCAFD}.AppStore|ARM.Build.0 = AppStore|iPhone
		{EAD7CE8A-B64C-4DCC-882C-AC2E386BCAFD}.AppStore|ARM.Deploy.0 = AppStore|iPhone
		{EAD7CE8A-B64C-4DCC-882C-AC2E386BCAFD}.AppStore|iPhone.ActiveCfg = AppStore|iPhone
		{EAD7CE8A-B64C-4DCC-882C-AC2E386BCAFD}.AppStore|iPhone.Build.0 = AppStore|iPhone
		{EAD7CE8A-B64C-4DCC-882C-AC2E386BCAFD}.AppStore|iPhone.Deploy.0 = AppStore|iPhone
		{EAD7CE8A-B64C-4DCC-882C-AC2E386BCAFD}.AppStore|iPhoneSimulator.ActiveCfg = AppStore|iPhoneSimulator
		{EAD7CE8A-B64C-4DCC-882C-AC2E386BCAFD}.AppStore|iPhoneSimulator.Build.0 = AppStore|iPhoneSimulator
		{EAD7CE8A-B64C-4DCC-882C-AC2E386BCAFD}.AppStore|iPhoneSimulator.Deploy.0 = AppStore|iPhoneSimulator
		{EAD7CE8A-B64C-4DCC-882C-AC2E386BCAFD}.AppStore|x64.ActiveCfg = AppStore|iPhone
		{EAD7CE8A-B64C-4DCC-882C-AC2E386BCAFD}.AppStore|x64.Build.0 = AppStore|iPhone
		{EAD7CE8A-B64C-4DCC-882C-AC2E386BCAFD}.AppStore|x64.Deploy.0 = AppStore|iPhone
		{EAD7CE8A-B64C-4DCC-882C-AC2E386BCAFD}.AppStore|x86.ActiveCfg = AppStore|iPhone
		{EAD7CE8A-B64C-4DCC-882C-AC2E386BCAFD}.AppStore|x86.Build.0 = AppStore|iPhone
		{EAD7CE8A-B64C-4DCC-882C-AC2E386BCAFD}.AppStore|x86.Deploy.0 = AppStore|iPhone
		{EAD7CE8A-B64C-4DCC-882C-AC2E386BCAFD}.Debug|Any CPU.ActiveCfg = Debug|iPhoneSimulator
		{EAD7CE8A-B64C-4DCC-882C-AC2E386BCAFD}.Debug|Any CPU.Build.0 = Debug|iPhoneSimulator
		{EAD7CE8A-B64C-4DCC-882C-AC2E386BCAFD}.Debug|Any CPU.Deploy.0 = Debug|iPhoneSimulator
		{EAD7CE8A-B64C-4DCC-882C-AC2E386BCAFD}.Debug|ARM.ActiveCfg = Debug|iPhone
		{EAD7CE8A-B64C-4DCC-882C-AC2E386BCAFD}.Debug|ARM.Build.0 = Debug|iPhone
		{EAD7CE8A-B64C-4DCC-882C-AC2E386BCAFD}.Debug|ARM.Deploy.0 = Debug|iPhone
		{EAD7CE8A-B64C-4DCC-882C-AC2E386BCAFD}.Debug|iPhone.ActiveCfg = Debug|iPhone
		{EAD7CE8A-B64C-4DCC-882C-AC2E386BCAFD}.Debug|iPhone.Build.0 = Debug|iPhone
		{EAD7CE8A-B64C-4DCC-882C-AC2E386BCAFD}.Debug|iPhone.Deploy.0 = Debug|iPhone
		{EAD7CE8A-B64C-4DCC-882C-AC2E386BCAFD}.Debug|iPhoneSimulator.ActiveCfg = Debug|iPhoneSimulator
		{EAD7CE8A-B64C-4DCC-882C-AC2E386BCAFD}.Debug|iPhoneSimulator.Build.0 = Debug|iPhoneSimulator
		{EAD7CE8A-B64C-4DCC-882C-AC2E386BCAFD}.Debug|iPhoneSimulator.Deploy.0 = Debug|iPhoneSimulator
		{EAD7CE8A-B64C-4DCC-882C-AC2E386BCAFD}.Debug|x64.ActiveCfg = Debug|iPhone
		{EAD7CE8A-B64C-4DCC-882C-AC2E386BCAFD}.Debug|x64.Build.0 = Debug|iPhone
		{EAD7CE8A-B64C-4DCC-882C-AC2E386BCAFD}.Debug|x64.Deploy.0 = Debug|iPhone
		{EAD7CE8A-B64C-4DCC-882C-AC2E386BCAFD}.Debug|x86.ActiveCfg = Debug|iPhone
		{EAD7CE8A-B64C-4DCC-882C-AC2E386BCAFD}.Debug|x86.Build.0 = Debug|iPhone
		{EAD7CE8A-B64C-4DCC-882C-AC2E386BCAFD}.Debug|x86.Deploy.0 = Debug|iPhone
		{EAD7CE8A-B64C-4DCC-882C-AC2E386BCAFD}.Release|Any CPU.ActiveCfg = Release|iPhone
		{EAD7CE8A-B64C-4DCC-882C-AC2E386BCAFD}.Release|Any CPU.Build.0 = Release|iPhone
		{EAD7CE8A-B64C-4DCC-882C-AC2E386BCAFD}.Release|Any CPU.Deploy.0 = Release|iPhone
		{EAD7CE8A-B64C-4DCC-882C-AC2E386BCAFD}.Release|ARM.ActiveCfg = Release|iPhone
		{EAD7CE8A-B64C-4DCC-882C-AC2E386BCAFD}.Release|ARM.Build.0 = Release|iPhone
		{EAD7CE8A-B64C-4DCC-882C-AC2E386BCAFD}.Release|ARM.Deploy.0 = Release|iPhone
		{EAD7CE8A-B64C-4DCC-882C-AC2E386BCAFD}.Release|iPhone.ActiveCfg = Release|iPhone
		{EAD7CE8A-B64C-4DCC-882C-AC2E386BCAFD}.Release|iPhone.Build.0 = Release|iPhone
		{EAD7CE8A-B64C-4DCC-882C-AC2E386BCAFD}.Release|iPhone.Deploy.0 = Release|iPhone
		{EAD7CE8A-B64C-4DCC-882C-AC2E386BCAFD}.Release|iPhoneSimulator.ActiveCfg = Release|iPhoneSimulator
		{EAD7CE8A-B64C-4DCC-882C-AC2E386BCAFD}.Release|iPhoneSimulator.Build.0 = Release|iPhoneSimulator
		{EAD7CE8A-B64C-4DCC-882C-AC2E386BCAFD}.Release|iPhoneSimulator.Deploy.0 = Release|iPhoneSimulator
		{EAD7CE8A-B64C-4DCC-882C-AC2E386BCAFD}.Release|x64.ActiveCfg = Release|iPhone
		{EAD7CE8A-B64C-4DCC-882C-AC2E386BCAFD}.Release|x64.Build.0 = Release|iPhone
		{EAD7CE8A-B64C-4DCC-882C-AC2E386BCAFD}.Release|x64.Deploy.0 = Release|iPhone
		{EAD7CE8A-B64C-4DCC-882C-AC2E386BCAFD}.Release|x86.ActiveCfg = Release|iPhone
		{EAD7CE8A-B64C-4DCC-882C-AC2E386BCAFD}.Release|x86.Build.0 = Release|iPhone
		{EAD7CE8A-B64C-4DCC-882C-AC2E386BCAFD}.Release|x86.Deploy.0 = Release|iPhone
		{496D1DDF-82D8-469F-80BF-8D55D30F73FF}.Ad-Hoc|Any CPU.ActiveCfg = Release|x86
		{496D1DDF-82D8-469F-80BF-8D55D30F73FF}.Ad-Hoc|Any CPU.Build.0 = Release|x86
		{496D1DDF-82D8-469F-80BF-8D55D30F73FF}.Ad-Hoc|Any CPU.Deploy.0 = Release|x86
		{496D1DDF-82D8-469F-80BF-8D55D30F73FF}.Ad-Hoc|ARM.ActiveCfg = Release|ARM
		{496D1DDF-82D8-469F-80BF-8D55D30F73FF}.Ad-Hoc|ARM.Build.0 = Release|ARM
		{496D1DDF-82D8-469F-80BF-8D55D30F73FF}.Ad-Hoc|ARM.Deploy.0 = Release|ARM
		{496D1DDF-82D8-469F-80BF-8D55D30F73FF}.Ad-Hoc|iPhone.ActiveCfg = Release|x86
		{496D1DDF-82D8-469F-80BF-8D55D30F73FF}.Ad-Hoc|iPhone.Build.0 = Release|x86
		{496D1DDF-82D8-469F-80BF-8D55D30F73FF}.Ad-Hoc|iPhone.Deploy.0 = Release|x86
		{496D1DDF-82D8-469F-80BF-8D55D30F73FF}.Ad-Hoc|iPhoneSimulator.ActiveCfg = Release|x86
		{496D1DDF-82D8-469F-80BF-8D55D30F73FF}.Ad-Hoc|iPhoneSimulator.Build.0 = Release|x86
		{496D1DDF-82D8-469F-80BF-8D55D30F73FF}.Ad-Hoc|iPhoneSimulator.Deploy.0 = Release|x86
		{496D1DDF-82D8-469F-80BF-8D55D30F73FF}.Ad-Hoc|x64.ActiveCfg = Release|x64
		{496D1DDF-82D8-469F-80BF-8D55D30F73FF}.Ad-Hoc|x64.Build.0 = Release|x64
		{496D1DDF-82D8-469F-80BF-8D55D30F73FF}.Ad-Hoc|x64.Deploy.0 = Release|x64
		{496D1DDF-82D8-469F-80BF-8D55D30F73FF}.Ad-Hoc|x86.ActiveCfg = Release|x86
		{496D1DDF-82D8-469F-80BF-8D55D30F73FF}.Ad-Hoc|x86.Build.0 = Release|x86
		{496D1DDF-82D8-469F-80BF-8D55D30F73FF}.Ad-Hoc|x86.Deploy.0 = Release|x86
		{496D1DDF-82D8-469F-80BF-8D55D30F73FF}.AppStore|Any CPU.ActiveCfg = Release|x86
		{496D1DDF-82D8-469F-80BF-8D55D30F73FF}.AppStore|Any CPU.Build.0 = Release|x86
		{496D1DDF-82D8-469F-80BF-8D55D30F73FF}.AppStore|Any CPU.Deploy.0 = Release|x86
		{496D1DDF-82D8-469F-80BF-8D55D30F73FF}.AppStore|ARM.ActiveCfg = Release|ARM
		{496D1DDF-82D8-469F-80BF-8D55D30F73FF}.AppStore|ARM.Build.0 = Release|ARM
		{496D1DDF-82D8-469F-80BF-8D55D30F73FF}.AppStore|ARM.Deploy.0 = Release|ARM
		{496D1DDF-82D8-469F-80BF-8D55D30F73FF}.AppStore|iPhone.ActiveCfg = Release|x86
		{496D1DDF-82D8-469F-80BF-8D55D30F73FF}.AppStore|iPhone.Build.0 = Release|x86
		{496D1DDF-82D8-469F-80BF-8D55D30F73FF}.AppStore|iPhone.Deploy.0 = Release|x86
		{496D1DDF-82D8-469F-80BF-8D55D30F73FF}.AppStore|iPhoneSimulator.ActiveCfg = Release|x86
		{496D1DDF-82D8-469F-80BF-8D55D30F73FF}.AppStore|iPhoneSimulator.Build.0 = Release|x86
		{496D1DDF-82D8-469F-80BF-8D55D30F73FF}.AppStore|iPhoneSimulator.Deploy.0 = Release|x86
		{496D1DDF-82D8-469F-80BF-8D55D30F73FF}.AppStore|x64.ActiveCfg = Release|x64
		{496D1DDF-82D8-469F-80BF-8D55D30F73FF}.AppStore|x64.Build.0 = Release|x64
		{496D1DDF-82D8-469F-80BF-8D55D30F73FF}.AppStore|x64.Deploy.0 = Release|x64
		{496D1DDF-82D8-469F-80BF-8D55D30F73FF}.AppStore|x86.ActiveCfg = Release|x86
		{496D1DDF-82D8-469F-80BF-8D55D30F73FF}.AppStore|x86.Build.0 = Release|x86
		{496D1DDF-82D8-469F-80BF-8D55D30F73FF}.AppStore|x86.Deploy.0 = Release|x86
		{496D1DDF-82D8-469F-80BF-8D55D30F73FF}.Debug|Any CPU.ActiveCfg = Debug|x86
		{496D1DDF-82D8-469F-80BF-8D55D30F73FF}.Debug|Any CPU.Build.0 = Debug|x86
		{496D1DDF-82D8-469F-80BF-8D55D30F73FF}.Debug|Any CPU.Deploy.0 = Debug|x86
		{496D1DDF-82D8-469F-80BF-8D55D30F73FF}.Debug|ARM.ActiveCfg = Debug|ARM
		{496D1DDF-82D8-469F-80BF-8D55D30F73FF}.Debug|ARM.Build.0 = Debug|ARM
		{496D1DDF-82D8-469F-80BF-8D55D30F73FF}.Debug|ARM.Deploy.0 = Debug|ARM
		{496D1DDF-82D8-469F-80BF-8D55D30F73FF}.Debug|iPhone.ActiveCfg = Debug|x86
		{496D1DDF-82D8-469F-80BF-8D55D30F73FF}.Debug|iPhone.Build.0 = Debug|x86
		{496D1DDF-82D8-469F-80BF-8D55D30F73FF}.Debug|iPhone.Deploy.0 = Debug|x86
		{496D1DDF-82D8-469F-80BF-8D55D30F73FF}.Debug|iPhoneSimulator.ActiveCfg = Debug|x86
		{496D1DDF-82D8-469F-80BF-8D55D30F73FF}.Debug|iPhoneSimulator.Build.0 = Debug|x86
		{496D1DDF-82D8-469F-80BF-8D55D30F73FF}.Debug|iPhoneSimulator.Deploy.0 = Debug|x86
		{496D1DDF-82D8-469F-80BF-8D55D30F73FF}.Debug|x64.ActiveCfg = Debug|x64
		{496D1DDF-82D8-469F-80BF-8D55D30F73FF}.Debug|x64.Build.0 = Debug|x64
		{496D1DDF-82D8-469F-80BF-8D55D30F73FF}.Debug|x64.Deploy.0 = Debug|x64
		{496D1DDF-82D8-469F-80BF-8D55D30F73FF}.Debug|x86.ActiveCfg = Debug|x86
		{496D1DDF-82D8-469F-80BF-8D55D30F73FF}.Debug|x86.Build.0 = Debug|x86
		{496D1DDF-82D8-469F-80BF-8D55D30F73FF}.Debug|x86.Deploy.0 = Debug|x86
		{496D1DDF-82D8-469F-80BF-8D55D30F73FF}.Release|Any CPU.ActiveCfg = Release|x86
		{496D1DDF-82D8-469F-80BF-8D55D30F73FF}.Release|Any CPU.Build.0 = Release|x86
		{496D1DDF-82D8-469F-80BF-8D55D30F73FF}.Release|Any CPU.Deploy.0 = Release|x86
		{496D1DDF-82D8-469F-80BF-8D55D30F73FF}.Release|ARM.ActiveCfg = Release|ARM
		{496D1DDF-82D8-469F-80BF-8D55D30F73FF}.Release|ARM.Build.0 = Release|ARM
		{496D1DDF-82D8-469F-80BF-8D55D30F73FF}.Release|ARM.Deploy.0 = Release|ARM
		{496D1DDF-82D8-469F-80BF-8D55D30F73FF}.Release|iPhone.ActiveCfg = Release|x86
		{496D1DDF-82D8-469F-80BF-8D55D30F73FF}.Release|iPhone.Build.0 = Release|x86
		{496D1DDF-82D8-469F-80BF-8D55D30F73FF}.Release|iPhone.Deploy.0 = Release|x86
		{496D1DDF-82D8-469F-80BF-8D55D30F73FF}.Release|iPhoneSimulator.ActiveCfg = Release|x86
		{496D1DDF-82D8-469F-80BF-8D55D30F73FF}.Release|iPhoneSimulator.Build.0 = Release|x86
		{496D1DDF-82D8-469F-80BF-8D55D30F73FF}.Release|iPhoneSimulator.Deploy.0 = Release|x86
		{496D1DDF-82D8-469F-80BF-8D55D30F73FF}.Release|x64.ActiveCfg = Release|x64
		{496D1DDF-82D8-469F-80BF-8D55D30F73FF}.Release|x64.Build.0 = Release|x64
		{496D1DDF-82D8-469F-80BF-8D55D30F73FF}.Release|x64.Deploy.0 = Release|x64
		{496D1DDF-82D8-469F-80BF-8D55D30F73FF}.Release|x86.ActiveCfg = Release|x86
		{496D1DDF-82D8-469F-80BF-8D55D30F73FF}.Release|x86.Build.0 = Release|x86
		{496D1DDF-82D8-469F-80BF-8D55D30F73FF}.Release|x86.Deploy.0 = Release|x86
		{AA89143E-3BD2-4757-8056-A0330EFA2717}.Ad-Hoc|Any CPU.ActiveCfg = Debug|Any CPU
		{AA89143E-3BD2-4757-8056-A0330EFA2717}.Ad-Hoc|Any CPU.Build.0 = Debug|Any CPU
		{AA89143E-3BD2-4757-8056-A0330EFA2717}.Ad-Hoc|Any CPU.Deploy.0 = Debug|Any CPU
		{AA89143E-3BD2-4757-8056-A0330EFA2717}.Ad-Hoc|ARM.ActiveCfg = Debug|Any CPU
		{AA89143E-3BD2-4757-8056-A0330EFA2717}.Ad-Hoc|ARM.Build.0 = Debug|Any CPU
		{AA89143E-3BD2-4757-8056-A0330EFA2717}.Ad-Hoc|ARM.Deploy.0 = Debug|Any CPU
		{AA89143E-3BD2-4757-8056-A0330EFA2717}.Ad-Hoc|iPhone.ActiveCfg = Debug|Any CPU
		{AA89143E-3BD2-4757-8056-A0330EFA2717}.Ad-Hoc|iPhone.Build.0 = Debug|Any CPU
		{AA89143E-3BD2-4757-8056-A0330EFA2717}.Ad-Hoc|iPhone.Deploy.0 = Debug|Any CPU
		{AA89143E-3BD2-4757-8056-A0330EFA2717}.Ad-Hoc|iPhoneSimulator.ActiveCfg = Debug|Any CPU
		{AA89143E-3BD2-4757-8056-A0330EFA2717}.Ad-Hoc|iPhoneSimulator.Build.0 = Debug|Any CPU
		{AA89143E-3BD2-4757-8056-A0330EFA2717}.Ad-Hoc|iPhoneSimulator.Deploy.0 = Debug|Any CPU
		{AA89143E-3BD2-4757-8056-A0330EFA2717}.Ad-Hoc|x64.ActiveCfg = Debug|Any CPU
		{AA89143E-3BD2-4757-8056-A0330EFA2717}.Ad-Hoc|x64.Build.0 = Debug|Any CPU
		{AA89143E-3BD2-4757-8056-A0330EFA2717}.Ad-Hoc|x64.Deploy.0 = Debug|Any CPU
		{AA89143E-3BD2-4757-8056-A0330EFA2717}.Ad-Hoc|x86.ActiveCfg = Debug|Any CPU
		{AA89143E-3BD2-4757-8056-A0330EFA2717}.Ad-Hoc|x86.Build.0 = Debug|Any CPU
		{AA89143E-3BD2-4757-8056-A0330EFA2717}.Ad-Hoc|x86.Deploy.0 = Debug|Any CPU
		{AA89143E-3BD2-4757-8056-A0330EFA2717}.AppStore|Any CPU.ActiveCfg = Debug|Any CPU
		{AA89143E-3BD2-4757-8056-A0330EFA2717}.AppStore|Any CPU.Build.0 = Debug|Any CPU
		{AA89143E-3BD2-4757-8056-A0330EFA2717}.AppStore|Any CPU.Deploy.0 = Debug|Any CPU
		{AA89143E-3BD2-4757-8056-A0330EFA2717}.AppStore|ARM.ActiveCfg = Debug|Any CPU
		{AA89143E-3BD2-4757-8056-A0330EFA2717}.AppStore|ARM.Build.0 = Debug|Any CPU
		{AA89143E-3BD2-4757-8056-A0330EFA2717}.AppStore|ARM.Deploy.0 = Debug|Any CPU
		{AA89143E-3BD2-4757-8056-A0330EFA2717}.AppStore|iPhone.ActiveCfg = Debug|Any CPU
		{AA89143E-3BD2-4757-8056-A0330EFA2717}.AppStore|iPhone.Build.0 = Debug|Any CPU
		{AA89143E-3BD2-4757-8056-A0330EFA2717}.AppStore|iPhone.Deploy.0 = Debug|Any CPU
		{AA89143E-3BD2-4757-8056-A0330EFA2717}.AppStore|iPhoneSimulator.ActiveCfg = Debug|Any CPU
		{AA89143E-3BD2-4757-8056-A0330EFA2717}.AppStore|iPhoneSimulator.Build.0 = Debug|Any CPU
		{AA89143E-3BD2-4757-8056-A0330EFA2717}.AppStore|iPhoneSimulator.Deploy.0 = Debug|Any CPU
		{AA89143E-3BD2-4757-8056-A0330EFA2717}.AppStore|x64.ActiveCfg = Debug|Any CPU
		{AA89143E-3BD2-4757-8056-A0330EFA2717}.AppStore|x64.Build.0 = Debug|Any CPU
		{AA89143E-3BD2-4757-8056-A0330EFA2717}.AppStore|x64.Deploy.0 = Debug|Any CPU
		{AA89143E-3BD2-4757-8056-A0330EFA2717}.AppStore|x86.ActiveCfg = Debug|Any CPU
		{AA89143E-3BD2-4757-8056-A0330EFA2717}.AppStore|x86.Build.0 = Debug|Any CPU
		{AA89143E-3BD2-4757-8056-A0330EFA2717}.AppStore|x86.Deploy.0 = Debug|Any CPU
		{AA89143E-3BD2-4757-8056-A0330EFA2717}.Debug|Any CPU.ActiveCfg = Debug|Any CPU
		{AA89143E-3BD2-4757-8056-A0330EFA2717}.Debug|Any CPU.Build.0 = Debug|Any CPU
		{AA89143E-3BD2-4757-8056-A0330EFA2717}.Debug|Any CPU.Deploy.0 = Debug|Any CPU
		{AA89143E-3BD2-4757-8056-A0330EFA2717}.Debug|ARM.ActiveCfg = Debug|Any CPU
		{AA89143E-3BD2-4757-8056-A0330EFA2717}.Debug|ARM.Build.0 = Debug|Any CPU
		{AA89143E-3BD2-4757-8056-A0330EFA2717}.Debug|ARM.Deploy.0 = Debug|Any CPU
		{AA89143E-3BD2-4757-8056-A0330EFA2717}.Debug|iPhone.ActiveCfg = Debug|Any CPU
		{AA89143E-3BD2-4757-8056-A0330EFA2717}.Debug|iPhone.Build.0 = Debug|Any CPU
		{AA89143E-3BD2-4757-8056-A0330EFA2717}.Debug|iPhone.Deploy.0 = Debug|Any CPU
		{AA89143E-3BD2-4757-8056-A0330EFA2717}.Debug|iPhoneSimulator.ActiveCfg = Debug|Any CPU
		{AA89143E-3BD2-4757-8056-A0330EFA2717}.Debug|iPhoneSimulator.Build.0 = Debug|Any CPU
		{AA89143E-3BD2-4757-8056-A0330EFA2717}.Debug|iPhoneSimulator.Deploy.0 = Debug|Any CPU
		{AA89143E-3BD2-4757-8056-A0330EFA2717}.Debug|x64.ActiveCfg = Debug|Any CPU
		{AA89143E-3BD2-4757-8056-A0330EFA2717}.Debug|x64.Build.0 = Debug|Any CPU
		{AA89143E-3BD2-4757-8056-A0330EFA2717}.Debug|x64.Deploy.0 = Debug|Any CPU
		{AA89143E-3BD2-4757-8056-A0330EFA2717}.Debug|x86.ActiveCfg = Debug|Any CPU
		{AA89143E-3BD2-4757-8056-A0330EFA2717}.Debug|x86.Build.0 = Debug|Any CPU
		{AA89143E-3BD2-4757-8056-A0330EFA2717}.Debug|x86.Deploy.0 = Debug|Any CPU
		{AA89143E-3BD2-4757-8056-A0330EFA2717}.Release|Any CPU.ActiveCfg = Release|Any CPU
		{AA89143E-3BD2-4757-8056-A0330EFA2717}.Release|Any CPU.Build.0 = Release|Any CPU
		{AA89143E-3BD2-4757-8056-A0330EFA2717}.Release|Any CPU.Deploy.0 = Release|Any CPU
		{AA89143E-3BD2-4757-8056-A0330EFA2717}.Release|ARM.ActiveCfg = Release|Any CPU
		{AA89143E-3BD2-4757-8056-A0330EFA2717}.Release|ARM.Build.0 = Release|Any CPU
		{AA89143E-3BD2-4757-8056-A0330EFA2717}.Release|ARM.Deploy.0 = Release|Any CPU
		{AA89143E-3BD2-4757-8056-A0330EFA2717}.Release|iPhone.ActiveCfg = Release|Any CPU
		{AA89143E-3BD2-4757-8056-A0330EFA2717}.Release|iPhone.Build.0 = Release|Any CPU
		{AA89143E-3BD2-4757-8056-A0330EFA2717}.Release|iPhone.Deploy.0 = Release|Any CPU
		{AA89143E-3BD2-4757-8056-A0330EFA2717}.Release|iPhoneSimulator.ActiveCfg = Release|Any CPU
		{AA89143E-3BD2-4757-8056-A0330EFA2717}.Release|iPhoneSimulator.Build.0 = Release|Any CPU
		{AA89143E-3BD2-4757-8056-A0330EFA2717}.Release|iPhoneSimulator.Deploy.0 = Release|Any CPU
		{AA89143E-3BD2-4757-8056-A0330EFA2717}.Release|x64.ActiveCfg = Release|Any CPU
		{AA89143E-3BD2-4757-8056-A0330EFA2717}.Release|x64.Build.0 = Release|Any CPU
		{AA89143E-3BD2-4757-8056-A0330EFA2717}.Release|x64.Deploy.0 = Release|Any CPU
		{AA89143E-3BD2-4757-8056-A0330EFA2717}.Release|x86.ActiveCfg = Release|Any CPU
		{AA89143E-3BD2-4757-8056-A0330EFA2717}.Release|x86.Build.0 = Release|Any CPU
		{AA89143E-3BD2-4757-8056-A0330EFA2717}.Release|x86.Deploy.0 = Release|Any CPU
	EndGlobalSection
	GlobalSection(SolutionProperties) = preSolution
		HideSolutionNode = FALSE
	EndGlobalSection
	GlobalSection(ExtensibilityGlobals) = postSolution
		SolutionGuid = {2DEEC734-FD80-4DD5-B508-A812A0E41355}
	EndGlobalSection
EndGlobal
